// !$*UTF8*$!
{
	archiveVersion = 1;
	classes = {
	};
	objectVersion = 77;
	objects = {

/* Begin PBXBuildFile section */
		812CDE1F2E72710A00B8A4AD /* Apollo in Frameworks */ = {isa = PBXBuildFile; productRef = 812CDE1E2E72710A00B8A4AD /* Apollo */; };
		B75342A32E73FE020034E439 /* ContentView.swift in Sources */ = {isa = PBXBuildFile; fileRef = B753429D2E73FE020034E439 /* ContentView.swift */; };
		B75342A42E73FE020034E439 /* GraphQL_LLMApp.swift in Sources */ = {isa = PBXBuildFile; fileRef = B753429F2E73FE020034E439 /* GraphQL_LLMApp.swift */; };
		B75342A52E73FE020034E439 /* Assets.xcassets in Resources */ = {isa = PBXBuildFile; fileRef = B753429C2E73FE020034E439 /* Assets.xcassets */; };
		B75342A62E73FE020034E439 /* Detail.graphql in Resources */ = {isa = PBXBuildFile; fileRef = B753429E2E73FE020034E439 /* Detail.graphql */; };
		B75342A82E73FE020034E439 /* schema.graphqls in Resources */ = {isa = PBXBuildFile; fileRef = B75342A12E73FE020034E439 /* schema.graphqls */; };
		B75342AE2E74030A0034E439 /* Network.swift in Sources */ = {isa = PBXBuildFile; fileRef = B75342AD2E7403060034E439 /* Network.swift */; };
		B75342B12E74035C0034E439 /* CharacterListViewModel.swift in Sources */ = {isa = PBXBuildFile; fileRef = B75342B02E7403570034E439 /* CharacterListViewModel.swift */; };
		B75342B32E7403860034E439 /* CharacterDetailViewModel.swift in Sources */ = {isa = PBXBuildFile; fileRef = B75342B22E7403850034E439 /* CharacterDetailViewModel.swift */; };
		B75342B52E7404090034E439 /* CharacterImageView.swift in Sources */ = {isa = PBXBuildFile; fileRef = B75342B42E7404050034E439 /* CharacterImageView.swift */; };
		B75342B72E7404360034E439 /* CharacterDetailView.swift in Sources */ = {isa = PBXBuildFile; fileRef = B75342B62E7404350034E439 /* CharacterDetailView.swift */; };
		B75342B92E7404520034E439 /* CharacterDetailContentView.swift in Sources */ = {isa = PBXBuildFile; fileRef = B75342B82E7404510034E439 /* CharacterDetailContentView.swift */; };
		B75342BB2E7404A60034E439 /* CharacterListView.swift in Sources */ = {isa = PBXBuildFile; fileRef = B75342BA2E7404A20034E439 /* CharacterListView.swift */; };
		B75342BD2E7404C70034E439 /* CharacterRowView.swift in Sources */ = {isa = PBXBuildFile; fileRef = B75342BC2E7404C60034E439 /* CharacterRowView.swift */; };
		B75342BF2E7404FA0034E439 /* CharacterDetailRow.swift in Sources */ = {isa = PBXBuildFile; fileRef = B75342BE2E7404E40034E439 /* CharacterDetailRow.swift */; };
		B78952772E77E0FA00BE2B6B /* Config.plist in Resources */ = {isa = PBXBuildFile; fileRef = B78952762E77E0F600BE2B6B /* Config.plist */; };
		B78952792E77E32700BE2B6B /* ConfigService.swift in Sources */ = {isa = PBXBuildFile; fileRef = B78952782E77E32400BE2B6B /* ConfigService.swift */; };
		B7F5A6392E76FB9300979D78 /* AIService.swift in Sources */ = {isa = PBXBuildFile; fileRef = B7F5A6382E76FB8F00979D78 /* AIService.swift */; };
		B7F5A63B2E7702C100979D78 /* OpenAIService.swift in Sources */ = {isa = PBXBuildFile; fileRef = B7F5A63A2E7702B400979D78 /* OpenAIService.swift */; };
		B7F5A63D2E77058500979D78 /* Extensions.swift in Sources */ = {isa = PBXBuildFile; fileRef = B7F5A63C2E77058000979D78 /* Extensions.swift */; };
		B7F5A6402E77C8EC00979D78 /* Response.swift in Sources */ = {isa = PBXBuildFile; fileRef = B7F5A63F2E77C8EA00979D78 /* Response.swift */; };
		B7F5A6422E77DBF200979D78 /* CharacterFactViewModel.swift in Sources */ = {isa = PBXBuildFile; fileRef = B7F5A6412E77DBF100979D78 /* CharacterFactViewModel.swift */; };
		B7FE86CB2E7295FB00C0652E /* List in Frameworks */ = {isa = PBXBuildFile; productRef = B7FE86CA2E7295FB00C0652E /* List */; };
/* End PBXBuildFile section */

/* Begin PBXContainerItemProxy section */
		812CDE012E72704000B8A4AD /* PBXContainerItemProxy */ = {
			isa = PBXContainerItemProxy;
			containerPortal = 812CDDEB2E72703E00B8A4AD /* Project object */;
			proxyType = 1;
			remoteGlobalIDString = 812CDDF22E72703E00B8A4AD;
			remoteInfo = "GraphQL-LLM";
		};
		812CDE0B2E72704000B8A4AD /* PBXContainerItemProxy */ = {
			isa = PBXContainerItemProxy;
			containerPortal = 812CDDEB2E72703E00B8A4AD /* Project object */;
			proxyType = 1;
			remoteGlobalIDString = 812CDDF22E72703E00B8A4AD;
			remoteInfo = "GraphQL-LLM";
		};
/* End PBXContainerItemProxy section */

/* Begin PBXFileReference section */
		812CDDF32E72703E00B8A4AD /* GraphQL-LLM.app */ = {isa = PBXFileReference; explicitFileType = wrapper.application; includeInIndex = 0; path = "GraphQL-LLM.app"; sourceTree = BUILT_PRODUCTS_DIR; };
		812CDE002E72704000B8A4AD /* GraphQL-LLMTests.xctest */ = {isa = PBXFileReference; explicitFileType = wrapper.cfbundle; includeInIndex = 0; path = "GraphQL-LLMTests.xctest"; sourceTree = BUILT_PRODUCTS_DIR; };
		812CDE0A2E72704000B8A4AD /* GraphQL-LLMUITests.xctest */ = {isa = PBXFileReference; explicitFileType = wrapper.cfbundle; includeInIndex = 0; path = "GraphQL-LLMUITests.xctest"; sourceTree = BUILT_PRODUCTS_DIR; };
		B753429C2E73FE020034E439 /* Assets.xcassets */ = {isa = PBXFileReference; lastKnownFileType = folder.assetcatalog; path = Assets.xcassets; sourceTree = "<group>"; };
		B753429D2E73FE020034E439 /* ContentView.swift */ = {isa = PBXFileReference; lastKnownFileType = sourcecode.swift; path = ContentView.swift; sourceTree = "<group>"; };
		B753429E2E73FE020034E439 /* Detail.graphql */ = {isa = PBXFileReference; lastKnownFileType = text; path = Detail.graphql; sourceTree = "<group>"; };
		B753429F2E73FE020034E439 /* GraphQL_LLMApp.swift */ = {isa = PBXFileReference; lastKnownFileType = sourcecode.swift; path = GraphQL_LLMApp.swift; sourceTree = "<group>"; };
		B75342A02E73FE020034E439 /* List.graphql */ = {isa = PBXFileReference; lastKnownFileType = text; path = List.graphql; sourceTree = "<group>"; };
		B75342A12E73FE020034E439 /* schema.graphqls */ = {isa = PBXFileReference; lastKnownFileType = text; path = schema.graphqls; sourceTree = "<group>"; };
		B75342AD2E7403060034E439 /* Network.swift */ = {isa = PBXFileReference; lastKnownFileType = sourcecode.swift; path = Network.swift; sourceTree = "<group>"; };
		B75342B02E7403570034E439 /* CharacterListViewModel.swift */ = {isa = PBXFileReference; lastKnownFileType = sourcecode.swift; path = CharacterListViewModel.swift; sourceTree = "<group>"; };
		B75342B22E7403850034E439 /* CharacterDetailViewModel.swift */ = {isa = PBXFileReference; lastKnownFileType = sourcecode.swift; path = CharacterDetailViewModel.swift; sourceTree = "<group>"; };
		B75342B42E7404050034E439 /* CharacterImageView.swift */ = {isa = PBXFileReference; lastKnownFileType = sourcecode.swift; path = CharacterImageView.swift; sourceTree = "<group>"; };
		B75342B62E7404350034E439 /* CharacterDetailView.swift */ = {isa = PBXFileReference; lastKnownFileType = sourcecode.swift; path = CharacterDetailView.swift; sourceTree = "<group>"; };
		B75342B82E7404510034E439 /* CharacterDetailContentView.swift */ = {isa = PBXFileReference; lastKnownFileType = sourcecode.swift; path = CharacterDetailContentView.swift; sourceTree = "<group>"; };
		B75342BA2E7404A20034E439 /* CharacterListView.swift */ = {isa = PBXFileReference; lastKnownFileType = sourcecode.swift; path = CharacterListView.swift; sourceTree = "<group>"; };
		B75342BC2E7404C60034E439 /* CharacterRowView.swift */ = {isa = PBXFileReference; lastKnownFileType = sourcecode.swift; path = CharacterRowView.swift; sourceTree = "<group>"; };
		B75342BE2E7404E40034E439 /* CharacterDetailRow.swift */ = {isa = PBXFileReference; lastKnownFileType = sourcecode.swift; path = CharacterDetailRow.swift; sourceTree = "<group>"; };
		B78952762E77E0F600BE2B6B /* Config.plist */ = {isa = PBXFileReference; lastKnownFileType = text.plist; path = Config.plist; sourceTree = "<group>"; };
		B78952782E77E32400BE2B6B /* ConfigService.swift */ = {isa = PBXFileReference; lastKnownFileType = sourcecode.swift; path = ConfigService.swift; sourceTree = "<group>"; };
		B7F5A6382E76FB8F00979D78 /* AIService.swift */ = {isa = PBXFileReference; lastKnownFileType = sourcecode.swift; path = AIService.swift; sourceTree = "<group>"; };
		B7F5A63A2E7702B400979D78 /* OpenAIService.swift */ = {isa = PBXFileReference; lastKnownFileType = sourcecode.swift; path = OpenAIService.swift; sourceTree = "<group>"; };
		B7F5A63C2E77058000979D78 /* Extensions.swift */ = {isa = PBXFileReference; lastKnownFileType = sourcecode.swift; path = Extensions.swift; sourceTree = "<group>"; };
		B7F5A63E2E7715BD00979D78 /* Info.plist */ = {isa = PBXFileReference; lastKnownFileType = text.plist; path = Info.plist; sourceTree = "<group>"; };
		B7F5A63F2E77C8EA00979D78 /* Response.swift */ = {isa = PBXFileReference; lastKnownFileType = sourcecode.swift; path = Response.swift; sourceTree = "<group>"; };
		B7F5A6412E77DBF100979D78 /* CharacterFactViewModel.swift */ = {isa = PBXFileReference; lastKnownFileType = sourcecode.swift; path = CharacterFactViewModel.swift; sourceTree = "<group>"; };
/* End PBXFileReference section */

/* Begin PBXFileSystemSynchronizedRootGroup section */
		812CDE032E72704000B8A4AD /* GraphQL-LLMTests */ = {
			isa = PBXFileSystemSynchronizedRootGroup;
			path = "GraphQL-LLMTests";
			sourceTree = "<group>";
		};
		812CDE0D2E72704000B8A4AD /* GraphQL-LLMUITests */ = {
			isa = PBXFileSystemSynchronizedRootGroup;
			path = "GraphQL-LLMUITests";
			sourceTree = "<group>";
		};
/* End PBXFileSystemSynchronizedRootGroup section */

/* Begin PBXFrameworksBuildPhase section */
		812CDDF02E72703E00B8A4AD /* Frameworks */ = {
			isa = PBXFrameworksBuildPhase;
			buildActionMask = 2147483647;
			files = (
				B7FE86CB2E7295FB00C0652E /* List in Frameworks */,
				812CDE1F2E72710A00B8A4AD /* Apollo in Frameworks */,
			);
			runOnlyForDeploymentPostprocessing = 0;
		};
		812CDDFD2E72704000B8A4AD /* Frameworks */ = {
			isa = PBXFrameworksBuildPhase;
			buildActionMask = 2147483647;
			files = (
			);
			runOnlyForDeploymentPostprocessing = 0;
		};
		812CDE072E72704000B8A4AD /* Frameworks */ = {
			isa = PBXFrameworksBuildPhase;
			buildActionMask = 2147483647;
			files = (
			);
			runOnlyForDeploymentPostprocessing = 0;
		};
/* End PBXFrameworksBuildPhase section */

/* Begin PBXGroup section */
		812CDDEA2E72703E00B8A4AD = {
			isa = PBXGroup;
			children = (
				B75342A22E73FE020034E439 /* GraphQL-LLM */,
				812CDE032E72704000B8A4AD /* GraphQL-LLMTests */,
				812CDE0D2E72704000B8A4AD /* GraphQL-LLMUITests */,
				812CDDF42E72703E00B8A4AD /* Products */,
			);
			sourceTree = "<group>";
		};
		812CDDF42E72703E00B8A4AD /* Products */ = {
			isa = PBXGroup;
			children = (
				812CDDF32E72703E00B8A4AD /* GraphQL-LLM.app */,
				812CDE002E72704000B8A4AD /* GraphQL-LLMTests.xctest */,
				812CDE0A2E72704000B8A4AD /* GraphQL-LLMUITests.xctest */,
			);
			name = Products;
			sourceTree = "<group>";
		};
		B75342A22E73FE020034E439 /* GraphQL-LLM */ = {
			isa = PBXGroup;
			children = (
				B7F5A63E2E7715BD00979D78 /* Info.plist */,
				B7F5A6372E76FB7A00979D78 /* OpenAI */,
				B75342AF2E74034C0034E439 /* ViewModels */,
				B75342AC2E7402FD0034E439 /* Network */,
				B75342AB2E73FE440034E439 /* Utilities */,
				B75342AA2E73FE380034E439 /* Views */,
				B753429F2E73FE020034E439 /* GraphQL_LLMApp.swift */,
				B75342A92E73FE250034E439 /* GraphQL */,
			);
			path = "GraphQL-LLM";
			sourceTree = "<group>";
		};
		B75342A92E73FE250034E439 /* GraphQL */ = {
			isa = PBXGroup;
			children = (
				B753429E2E73FE020034E439 /* Detail.graphql */,
				B75342A02E73FE020034E439 /* List.graphql */,
				B75342A12E73FE020034E439 /* schema.graphqls */,
			);
			name = GraphQL;
			sourceTree = "<group>";
		};
		B75342AA2E73FE380034E439 /* Views */ = {
			isa = PBXGroup;
			children = (
				B75342BE2E7404E40034E439 /* CharacterDetailRow.swift */,
				B75342BC2E7404C60034E439 /* CharacterRowView.swift */,
				B75342BA2E7404A20034E439 /* CharacterListView.swift */,
				B75342B82E7404510034E439 /* CharacterDetailContentView.swift */,
				B75342B62E7404350034E439 /* CharacterDetailView.swift */,
				B75342B42E7404050034E439 /* CharacterImageView.swift */,
				B753429D2E73FE020034E439 /* ContentView.swift */,
			);
			path = Views;
			sourceTree = "<group>";
		};
		B75342AB2E73FE440034E439 /* Utilities */ = {
			isa = PBXGroup;
			children = (
				B78952782E77E32400BE2B6B /* ConfigService.swift */,
				B78952762E77E0F600BE2B6B /* Config.plist */,
				B7F5A63C2E77058000979D78 /* Extensions.swift */,
				B753429C2E73FE020034E439 /* Assets.xcassets */,
			);
			path = Utilities;
			sourceTree = "<group>";
		};
		B75342AC2E7402FD0034E439 /* Network */ = {
			isa = PBXGroup;
			children = (
				B75342AD2E7403060034E439 /* Network.swift */,
			);
			path = Network;
			sourceTree = "<group>";
		};
		B75342AF2E74034C0034E439 /* ViewModels */ = {
			isa = PBXGroup;
			children = (
				B7F5A6412E77DBF100979D78 /* CharacterFactViewModel.swift */,
				B75342B22E7403850034E439 /* CharacterDetailViewModel.swift */,
				B75342B02E7403570034E439 /* CharacterListViewModel.swift */,
			);
			path = ViewModels;
			sourceTree = "<group>";
		};
		B7F5A6372E76FB7A00979D78 /* OpenAI */ = {
			isa = PBXGroup;
			children = (
				B7F5A63F2E77C8EA00979D78 /* Response.swift */,
				B7F5A63A2E7702B400979D78 /* OpenAIService.swift */,
				B7F5A6382E76FB8F00979D78 /* AIService.swift */,
			);
			path = OpenAI;
			sourceTree = "<group>";
		};
/* End PBXGroup section */

/* Begin PBXNativeTarget section */
		812CDDF22E72703E00B8A4AD /* GraphQL-LLM */ = {
			isa = PBXNativeTarget;
			buildConfigurationList = 812CDE142E72704000B8A4AD /* Build configuration list for PBXNativeTarget "GraphQL-LLM" */;
			buildPhases = (
				812CDDEF2E72703E00B8A4AD /* Sources */,
				812CDDF02E72703E00B8A4AD /* Frameworks */,
				812CDDF12E72703E00B8A4AD /* Resources */,
			);
			buildRules = (
			);
			dependencies = (
			);
			name = "GraphQL-LLM";
			packageProductDependencies = (
				812CDE1E2E72710A00B8A4AD /* Apollo */,
				B7FE86CA2E7295FB00C0652E /* List */,
			);
			productName = "GraphQL-LLM";
			productReference = 812CDDF32E72703E00B8A4AD /* GraphQL-LLM.app */;
			productType = "com.apple.product-type.application";
		};
		812CDDFF2E72704000B8A4AD /* GraphQL-LLMTests */ = {
			isa = PBXNativeTarget;
			buildConfigurationList = 812CDE172E72704000B8A4AD /* Build configuration list for PBXNativeTarget "GraphQL-LLMTests" */;
			buildPhases = (
				812CDDFC2E72704000B8A4AD /* Sources */,
				812CDDFD2E72704000B8A4AD /* Frameworks */,
				812CDDFE2E72704000B8A4AD /* Resources */,
			);
			buildRules = (
			);
			dependencies = (
				812CDE022E72704000B8A4AD /* PBXTargetDependency */,
			);
			fileSystemSynchronizedGroups = (
				812CDE032E72704000B8A4AD /* GraphQL-LLMTests */,
			);
			name = "GraphQL-LLMTests";
			packageProductDependencies = (
			);
			productName = "GraphQL-LLMTests";
			productReference = 812CDE002E72704000B8A4AD /* GraphQL-LLMTests.xctest */;
			productType = "com.apple.product-type.bundle.unit-test";
		};
		812CDE092E72704000B8A4AD /* GraphQL-LLMUITests */ = {
			isa = PBXNativeTarget;
			buildConfigurationList = 812CDE1A2E72704000B8A4AD /* Build configuration list for PBXNativeTarget "GraphQL-LLMUITests" */;
			buildPhases = (
				812CDE062E72704000B8A4AD /* Sources */,
				812CDE072E72704000B8A4AD /* Frameworks */,
				812CDE082E72704000B8A4AD /* Resources */,
			);
			buildRules = (
			);
			dependencies = (
				812CDE0C2E72704000B8A4AD /* PBXTargetDependency */,
			);
			fileSystemSynchronizedGroups = (
				812CDE0D2E72704000B8A4AD /* GraphQL-LLMUITests */,
			);
			name = "GraphQL-LLMUITests";
			packageProductDependencies = (
			);
			productName = "GraphQL-LLMUITests";
			productReference = 812CDE0A2E72704000B8A4AD /* GraphQL-LLMUITests.xctest */;
			productType = "com.apple.product-type.bundle.ui-testing";
		};
/* End PBXNativeTarget section */

/* Begin PBXProject section */
		812CDDEB2E72703E00B8A4AD /* Project object */ = {
			isa = PBXProject;
			attributes = {
				BuildIndependentTargetsInParallel = 1;
				LastSwiftUpdateCheck = 1640;
				LastUpgradeCheck = 1640;
				TargetAttributes = {
					812CDDF22E72703E00B8A4AD = {
						CreatedOnToolsVersion = 16.4;
					};
					812CDDFF2E72704000B8A4AD = {
						CreatedOnToolsVersion = 16.4;
						TestTargetID = 812CDDF22E72703E00B8A4AD;
					};
					812CDE092E72704000B8A4AD = {
						CreatedOnToolsVersion = 16.4;
						TestTargetID = 812CDDF22E72703E00B8A4AD;
					};
				};
			};
			buildConfigurationList = 812CDDEE2E72703E00B8A4AD /* Build configuration list for PBXProject "GraphQL-LLM" */;
			developmentRegion = en;
			hasScannedForEncodings = 0;
			knownRegions = (
				en,
				Base,
			);
			mainGroup = 812CDDEA2E72703E00B8A4AD;
			minimizedProjectReferenceProxies = 1;
			packageReferences = (
				812CDE1D2E72710A00B8A4AD /* XCRemoteSwiftPackageReference "apollo-ios" */,
				B7FE86C92E7295FB00C0652E /* XCLocalSwiftPackageReference "List" */,
			);
			preferredProjectObjectVersion = 77;
			productRefGroup = 812CDDF42E72703E00B8A4AD /* Products */;
			projectDirPath = "";
			projectRoot = "";
			targets = (
				812CDDF22E72703E00B8A4AD /* GraphQL-LLM */,
				812CDDFF2E72704000B8A4AD /* GraphQL-LLMTests */,
				812CDE092E72704000B8A4AD /* GraphQL-LLMUITests */,
			);
		};
/* End PBXProject section */

/* Begin PBXResourcesBuildPhase section */
		812CDDF12E72703E00B8A4AD /* Resources */ = {
			isa = PBXResourcesBuildPhase;
			buildActionMask = 2147483647;
			files = (
				B78952772E77E0FA00BE2B6B /* Config.plist in Resources */,
				B75342A52E73FE020034E439 /* Assets.xcassets in Resources */,
				B75342A62E73FE020034E439 /* Detail.graphql in Resources */,
				B75342A82E73FE020034E439 /* schema.graphqls in Resources */,
			);
			runOnlyForDeploymentPostprocessing = 0;
		};
		812CDDFE2E72704000B8A4AD /* Resources */ = {
			isa = PBXResourcesBuildPhase;
			buildActionMask = 2147483647;
			files = (
			);
			runOnlyForDeploymentPostprocessing = 0;
		};
		812CDE082E72704000B8A4AD /* Resources */ = {
			isa = PBXResourcesBuildPhase;
			buildActionMask = 2147483647;
			files = (
			);
			runOnlyForDeploymentPostprocessing = 0;
		};
/* End PBXResourcesBuildPhase section */

/* Begin PBXSourcesBuildPhase section */
		812CDDEF2E72703E00B8A4AD /* Sources */ = {
			isa = PBXSourcesBuildPhase;
			buildActionMask = 2147483647;
			files = (
				B78952792E77E32700BE2B6B /* ConfigService.swift in Sources */,
				B75342B52E7404090034E439 /* CharacterImageView.swift in Sources */,
				B7F5A6392E76FB9300979D78 /* AIService.swift in Sources */,
				B7F5A63B2E7702C100979D78 /* OpenAIService.swift in Sources */,
				B75342BF2E7404FA0034E439 /* CharacterDetailRow.swift in Sources */,
				B7F5A6402E77C8EC00979D78 /* Response.swift in Sources */,
				B75342B12E74035C0034E439 /* CharacterListViewModel.swift in Sources */,
				B75342B92E7404520034E439 /* CharacterDetailContentView.swift in Sources */,
				B75342BB2E7404A60034E439 /* CharacterListView.swift in Sources */,
				B75342A32E73FE020034E439 /* ContentView.swift in Sources */,
				B75342B72E7404360034E439 /* CharacterDetailView.swift in Sources */,
				B75342B32E7403860034E439 /* CharacterDetailViewModel.swift in Sources */,
				B75342A42E73FE020034E439 /* GraphQL_LLMApp.swift in Sources */,
				B75342AE2E74030A0034E439 /* Network.swift in Sources */,
				B75342BD2E7404C70034E439 /* CharacterRowView.swift in Sources */,
				B7F5A6422E77DBF200979D78 /* CharacterFactViewModel.swift in Sources */,
				B7F5A63D2E77058500979D78 /* Extensions.swift in Sources */,
			);
			runOnlyForDeploymentPostprocessing = 0;
		};
		812CDDFC2E72704000B8A4AD /* Sources */ = {
			isa = PBXSourcesBuildPhase;
			buildActionMask = 2147483647;
			files = (
			);
			runOnlyForDeploymentPostprocessing = 0;
		};
		812CDE062E72704000B8A4AD /* Sources */ = {
			isa = PBXSourcesBuildPhase;
			buildActionMask = 2147483647;
			files = (
			);
			runOnlyForDeploymentPostprocessing = 0;
		};
/* End PBXSourcesBuildPhase section */

/* Begin PBXTargetDependency section */
		812CDE022E72704000B8A4AD /* PBXTargetDependency */ = {
			isa = PBXTargetDependency;
			target = 812CDDF22E72703E00B8A4AD /* GraphQL-LLM */;
			targetProxy = 812CDE012E72704000B8A4AD /* PBXContainerItemProxy */;
		};
		812CDE0C2E72704000B8A4AD /* PBXTargetDependency */ = {
			isa = PBXTargetDependency;
			target = 812CDDF22E72703E00B8A4AD /* GraphQL-LLM */;
			targetProxy = 812CDE0B2E72704000B8A4AD /* PBXContainerItemProxy */;
		};
/* End PBXTargetDependency section */

/* Begin XCBuildConfiguration section */
		812CDE122E72704000B8A4AD /* Debug */ = {
			isa = XCBuildConfiguration;
			buildSettings = {
				ALWAYS_SEARCH_USER_PATHS = NO;
				ASSETCATALOG_COMPILER_GENERATE_SWIFT_ASSET_SYMBOL_EXTENSIONS = YES;
				CLANG_ANALYZER_NONNULL = YES;
				CLANG_ANALYZER_NUMBER_OBJECT_CONVERSION = YES_AGGRESSIVE;
				CLANG_CXX_LANGUAGE_STANDARD = "gnu++20";
				CLANG_ENABLE_MODULES = YES;
				CLANG_ENABLE_OBJC_ARC = YES;
				CLANG_ENABLE_OBJC_WEAK = YES;
				CLANG_WARN_BLOCK_CAPTURE_AUTORELEASING = YES;
				CLANG_WARN_BOOL_CONVERSION = YES;
				CLANG_WARN_COMMA = YES;
				CLANG_WARN_CONSTANT_CONVERSION = YES;
				CLANG_WARN_DEPRECATED_OBJC_IMPLEMENTATIONS = YES;
				CLANG_WARN_DIRECT_OBJC_ISA_USAGE = YES_ERROR;
				CLANG_WARN_DOCUMENTATION_COMMENTS = YES;
				CLANG_WARN_EMPTY_BODY = YES;
				CLANG_WARN_ENUM_CONVERSION = YES;
				CLANG_WARN_INFINITE_RECURSION = YES;
				CLANG_WARN_INT_CONVERSION = YES;
				CLANG_WARN_NON_LITERAL_NULL_CONVERSION = YES;
				CLANG_WARN_OBJC_IMPLICIT_RETAIN_SELF = YES;
				CLANG_WARN_OBJC_LITERAL_CONVERSION = YES;
				CLANG_WARN_OBJC_ROOT_CLASS = YES_ERROR;
				CLANG_WARN_QUOTED_INCLUDE_IN_FRAMEWORK_HEADER = YES;
				CLANG_WARN_RANGE_LOOP_ANALYSIS = YES;
				CLANG_WARN_STRICT_PROTOTYPES = YES;
				CLANG_WARN_SUSPICIOUS_MOVE = YES;
				CLANG_WARN_UNGUARDED_AVAILABILITY = YES_AGGRESSIVE;
				CLANG_WARN_UNREACHABLE_CODE = YES;
				CLANG_WARN__DUPLICATE_METHOD_MATCH = YES;
				COPY_PHASE_STRIP = NO;
				DEBUG_INFORMATION_FORMAT = dwarf;
				ENABLE_STRICT_OBJC_MSGSEND = YES;
				ENABLE_TESTABILITY = YES;
				ENABLE_USER_SCRIPT_SANDBOXING = YES;
				GCC_C_LANGUAGE_STANDARD = gnu17;
				GCC_DYNAMIC_NO_PIC = NO;
				GCC_NO_COMMON_BLOCKS = YES;
				GCC_OPTIMIZATION_LEVEL = 0;
				GCC_PREPROCESSOR_DEFINITIONS = (
					"DEBUG=1",
					"$(inherited)",
				);
				GCC_WARN_64_TO_32_BIT_CONVERSION = YES;
				GCC_WARN_ABOUT_RETURN_TYPE = YES_ERROR;
				GCC_WARN_UNDECLARED_SELECTOR = YES;
				GCC_WARN_UNINITIALIZED_AUTOS = YES_AGGRESSIVE;
				GCC_WARN_UNUSED_FUNCTION = YES;
				GCC_WARN_UNUSED_VARIABLE = YES;
				IPHONEOS_DEPLOYMENT_TARGET = 18.5;
				LOCALIZATION_PREFERS_STRING_CATALOGS = YES;
				MTL_ENABLE_DEBUG_INFO = INCLUDE_SOURCE;
				MTL_FAST_MATH = YES;
				ONLY_ACTIVE_ARCH = YES;
				SDKROOT = iphoneos;
				SWIFT_ACTIVE_COMPILATION_CONDITIONS = "DEBUG $(inherited)";
				SWIFT_OPTIMIZATION_LEVEL = "-Onone";
			};
			name = Debug;
		};
		812CDE132E72704000B8A4AD /* Release */ = {
			isa = XCBuildConfiguration;
			buildSettings = {
				ALWAYS_SEARCH_USER_PATHS = NO;
				ASSETCATALOG_COMPILER_GENERATE_SWIFT_ASSET_SYMBOL_EXTENSIONS = YES;
				CLANG_ANALYZER_NONNULL = YES;
				CLANG_ANALYZER_NUMBER_OBJECT_CONVERSION = YES_AGGRESSIVE;
				CLANG_CXX_LANGUAGE_STANDARD = "gnu++20";
				CLANG_ENABLE_MODULES = YES;
				CLANG_ENABLE_OBJC_ARC = YES;
				CLANG_ENABLE_OBJC_WEAK = YES;
				CLANG_WARN_BLOCK_CAPTURE_AUTORELEASING = YES;
				CLANG_WARN_BOOL_CONVERSION = YES;
				CLANG_WARN_COMMA = YES;
				CLANG_WARN_CONSTANT_CONVERSION = YES;
				CLANG_WARN_DEPRECATED_OBJC_IMPLEMENTATIONS = YES;
				CLANG_WARN_DIRECT_OBJC_ISA_USAGE = YES_ERROR;
				CLANG_WARN_DOCUMENTATION_COMMENTS = YES;
				CLANG_WARN_EMPTY_BODY = YES;
				CLANG_WARN_ENUM_CONVERSION = YES;
				CLANG_WARN_INFINITE_RECURSION = YES;
				CLANG_WARN_INT_CONVERSION = YES;
				CLANG_WARN_NON_LITERAL_NULL_CONVERSION = YES;
				CLANG_WARN_OBJC_IMPLICIT_RETAIN_SELF = YES;
				CLANG_WARN_OBJC_LITERAL_CONVERSION = YES;
				CLANG_WARN_OBJC_ROOT_CLASS = YES_ERROR;
				CLANG_WARN_QUOTED_INCLUDE_IN_FRAMEWORK_HEADER = YES;
				CLANG_WARN_RANGE_LOOP_ANALYSIS = YES;
				CLANG_WARN_STRICT_PROTOTYPES = YES;
				CLANG_WARN_SUSPICIOUS_MOVE = YES;
				CLANG_WARN_UNGUARDED_AVAILABILITY = YES_AGGRESSIVE;
				CLANG_WARN_UNREACHABLE_CODE = YES;
				CLANG_WARN__DUPLICATE_METHOD_MATCH = YES;
				COPY_PHASE_STRIP = NO;
				DEBUG_INFORMATION_FORMAT = "dwarf-with-dsym";
				ENABLE_NS_ASSERTIONS = NO;
				ENABLE_STRICT_OBJC_MSGSEND = YES;
				ENABLE_USER_SCRIPT_SANDBOXING = YES;
				GCC_C_LANGUAGE_STANDARD = gnu17;
				GCC_NO_COMMON_BLOCKS = YES;
				GCC_WARN_64_TO_32_BIT_CONVERSION = YES;
				GCC_WARN_ABOUT_RETURN_TYPE = YES_ERROR;
				GCC_WARN_UNDECLARED_SELECTOR = YES;
				GCC_WARN_UNINITIALIZED_AUTOS = YES_AGGRESSIVE;
				GCC_WARN_UNUSED_FUNCTION = YES;
				GCC_WARN_UNUSED_VARIABLE = YES;
				IPHONEOS_DEPLOYMENT_TARGET = 18.5;
				LOCALIZATION_PREFERS_STRING_CATALOGS = YES;
				MTL_ENABLE_DEBUG_INFO = NO;
				MTL_FAST_MATH = YES;
				SDKROOT = iphoneos;
				SWIFT_COMPILATION_MODE = wholemodule;
				VALIDATE_PRODUCT = YES;
			};
			name = Release;
		};
		812CDE152E72704000B8A4AD /* Debug */ = {
			isa = XCBuildConfiguration;
			buildSettings = {
				ASSETCATALOG_COMPILER_APPICON_NAME = AppIcon;
				ASSETCATALOG_COMPILER_GLOBAL_ACCENT_COLOR_NAME = AccentColor;
				CODE_SIGN_STYLE = Automatic;
				CURRENT_PROJECT_VERSION = 1;
				ENABLE_PREVIEWS = YES;
				GENERATE_INFOPLIST_FILE = YES;
				INFOPLIST_FILE = "GraphQL-LLM/Info.plist";
				INFOPLIST_KEY_UIApplicationSceneManifest_Generation = YES;
				INFOPLIST_KEY_UIApplicationSupportsIndirectInputEvents = YES;
				INFOPLIST_KEY_UILaunchScreen_Generation = YES;
				INFOPLIST_KEY_UISupportedInterfaceOrientations_iPad = "UIInterfaceOrientationPortrait UIInterfaceOrientationPortraitUpsideDown UIInterfaceOrientationLandscapeLeft UIInterfaceOrientationLandscapeRight";
				INFOPLIST_KEY_UISupportedInterfaceOrientations_iPhone = "UIInterfaceOrientationPortrait UIInterfaceOrientationLandscapeLeft UIInterfaceOrientationLandscapeRight";
				LD_RUNPATH_SEARCH_PATHS = (
					"$(inherited)",
					"@executable_path/Frameworks",
				);
				MARKETING_VERSION = 1.0;
				PRODUCT_BUNDLE_IDENTIFIER = "com.test.qlgraph.GraphQL-LLM";
				PRODUCT_NAME = "$(TARGET_NAME)";
				SWIFT_EMIT_LOC_STRINGS = YES;
				SWIFT_VERSION = 5.0;
				TARGETED_DEVICE_FAMILY = "1,2";
			};
			name = Debug;
		};
		812CDE162E72704000B8A4AD /* Release */ = {
			isa = XCBuildConfiguration;
			buildSettings = {
				ASSETCATALOG_COMPILER_APPICON_NAME = AppIcon;
				ASSETCATALOG_COMPILER_GLOBAL_ACCENT_COLOR_NAME = AccentColor;
				CODE_SIGN_STYLE = Automatic;
				CURRENT_PROJECT_VERSION = 1;
				ENABLE_PREVIEWS = YES;
				GENERATE_INFOPLIST_FILE = YES;
				INFOPLIST_FILE = "GraphQL-LLM/Info.plist";
				INFOPLIST_KEY_UIApplicationSceneManifest_Generation = YES;
				INFOPLIST_KEY_UIApplicationSupportsIndirectInputEvents = YES;
				INFOPLIST_KEY_UILaunchScreen_Generation = YES;
				INFOPLIST_KEY_UISupportedInterfaceOrientations_iPad = "UIInterfaceOrientationPortrait UIInterfaceOrientationPortraitUpsideDown UIInterfaceOrientationLandscapeLeft UIInterfaceOrientationLandscapeRight";
				INFOPLIST_KEY_UISupportedInterfaceOrientations_iPhone = "UIInterfaceOrientationPortrait UIInterfaceOrientationLandscapeLeft UIInterfaceOrientationLandscapeRight";
				LD_RUNPATH_SEARCH_PATHS = (
					"$(inherited)",
					"@executable_path/Frameworks",
				);
				MARKETING_VERSION = 1.0;
				PRODUCT_BUNDLE_IDENTIFIER = "com.test.qlgraph.GraphQL-LLM";
				PRODUCT_NAME = "$(TARGET_NAME)";
				SWIFT_EMIT_LOC_STRINGS = YES;
				SWIFT_VERSION = 5.0;
				TARGETED_DEVICE_FAMILY = "1,2";
			};
			name = Release;
		};
		812CDE182E72704000B8A4AD /* Debug */ = {
			isa = XCBuildConfiguration;
			buildSettings = {
				BUNDLE_LOADER = "$(TEST_HOST)";
				CODE_SIGN_STYLE = Automatic;
				CURRENT_PROJECT_VERSION = 1;
				GENERATE_INFOPLIST_FILE = YES;
				IPHONEOS_DEPLOYMENT_TARGET = 18.5;
				MARKETING_VERSION = 1.0;
				PRODUCT_BUNDLE_IDENTIFIER = "com.test.qlgraph.GraphQL-LLMTests";
				PRODUCT_NAME = "$(TARGET_NAME)";
				SWIFT_EMIT_LOC_STRINGS = NO;
				SWIFT_VERSION = 5.0;
				TARGETED_DEVICE_FAMILY = "1,2";
				TEST_HOST = "$(BUILT_PRODUCTS_DIR)/GraphQL-LLM.app/$(BUNDLE_EXECUTABLE_FOLDER_PATH)/GraphQL-LLM";
			};
			name = Debug;
		};
		812CDE192E72704000B8A4AD /* Release */ = {
			isa = XCBuildConfiguration;
			buildSettings = {
				BUNDLE_LOADER = "$(TEST_HOST)";
				CODE_SIGN_STYLE = Automatic;
				CURRENT_PROJECT_VERSION = 1;
				GENERATE_INFOPLIST_FILE = YES;
				IPHONEOS_DEPLOYMENT_TARGET = 18.5;
				MARKETING_VERSION = 1.0;
				PRODUCT_BUNDLE_IDENTIFIER = "com.test.qlgraph.GraphQL-LLMTests";
				PRODUCT_NAME = "$(TARGET_NAME)";
				SWIFT_EMIT_LOC_STRINGS = NO;
				SWIFT_VERSION = 5.0;
				TARGETED_DEVICE_FAMILY = "1,2";
				TEST_HOST = "$(BUILT_PRODUCTS_DIR)/GraphQL-LLM.app/$(BUNDLE_EXECUTABLE_FOLDER_PATH)/GraphQL-LLM";
			};
			name = Release;
		};
		812CDE1B2E72704000B8A4AD /* Debug */ = {
			isa = XCBuildConfiguration;
			buildSettings = {
				CODE_SIGN_STYLE = Automatic;
				CURRENT_PROJECT_VERSION = 1;
				GENERATE_INFOPLIST_FILE = YES;
				MARKETING_VERSION = 1.0;
				PRODUCT_BUNDLE_IDENTIFIER = "com.test.qlgraph.GraphQL-LLMUITests";
				PRODUCT_NAME = "$(TARGET_NAME)";
				SWIFT_EMIT_LOC_STRINGS = NO;
				SWIFT_VERSION = 5.0;
				TARGETED_DEVICE_FAMILY = "1,2";
				TEST_TARGET_NAME = "GraphQL-LLM";
			};
			name = Debug;
		};
		812CDE1C2E72704000B8A4AD /* Release */ = {
			isa = XCBuildConfiguration;
			buildSettings = {
				CODE_SIGN_STYLE = Automatic;
				CURRENT_PROJECT_VERSION = 1;
				GENERATE_INFOPLIST_FILE = YES;
				MARKETING_VERSION = 1.0;
				PRODUCT_BUNDLE_IDENTIFIER = "com.test.qlgraph.GraphQL-LLMUITests";
				PRODUCT_NAME = "$(TARGET_NAME)";
				SWIFT_EMIT_LOC_STRINGS = NO;
				SWIFT_VERSION = 5.0;
				TARGETED_DEVICE_FAMILY = "1,2";
				TEST_TARGET_NAME = "GraphQL-LLM";
			};
			name = Release;
		};
/* End XCBuildConfiguration section */

/* Begin XCConfigurationList section */
		812CDDEE2E72703E00B8A4AD /* Build configuration list for PBXProject "GraphQL-LLM" */ = {
			isa = XCConfigurationList;
			buildConfigurations = (
				812CDE122E72704000B8A4AD /* Debug */,
				812CDE132E72704000B8A4AD /* Release */,
			);
			defaultConfigurationIsVisible = 0;
			defaultConfigurationName = Release;
		};
		812CDE142E72704000B8A4AD /* Build configuration list for PBXNativeTarget "GraphQL-LLM" */ = {
			isa = XCConfigurationList;
			buildConfigurations = (
				812CDE152E72704000B8A4AD /* Debug */,
				812CDE162E72704000B8A4AD /* Release */,
			);
			defaultConfigurationIsVisible = 0;
			defaultConfigurationName = Release;
		};
		812CDE172E72704000B8A4AD /* Build configuration list for PBXNativeTarget "GraphQL-LLMTests" */ = {
			isa = XCConfigurationList;
			buildConfigurations = (
				812CDE182E72704000B8A4AD /* Debug */,
				812CDE192E72704000B8A4AD /* Release */,
			);
			defaultConfigurationIsVisible = 0;
			defaultConfigurationName = Release;
		};
		812CDE1A2E72704000B8A4AD /* Build configuration list for PBXNativeTarget "GraphQL-LLMUITests" */ = {
			isa = XCConfigurationList;
			buildConfigurations = (
				812CDE1B2E72704000B8A4AD /* Debug */,
				812CDE1C2E72704000B8A4AD /* Release */,
			);
			defaultConfigurationIsVisible = 0;
			defaultConfigurationName = Release;
		};
/* End XCConfigurationList section */

/* Begin XCLocalSwiftPackageReference section */
		B7FE86C92E7295FB00C0652E /* XCLocalSwiftPackageReference "List" */ = {
			isa = XCLocalSwiftPackageReference;
			relativePath = List;
		};
/* End XCLocalSwiftPackageReference section */

/* Begin XCRemoteSwiftPackageReference section */
		812CDE1D2E72710A00B8A4AD /* XCRemoteSwiftPackageReference "apollo-ios" */ = {
			isa = XCRemoteSwiftPackageReference;
			repositoryURL = "https://github.com/apollographql/apollo-ios";
			requirement = {
				kind = upToNextMajorVersion;
				minimumVersion = 1.23.0;
			};
		};
/* End XCRemoteSwiftPackageReference section */

/* Begin XCSwiftPackageProductDependency section */
		812CDE1E2E72710A00B8A4AD /* Apollo */ = {
			isa = XCSwiftPackageProductDependency;
			package = 812CDE1D2E72710A00B8A4AD /* XCRemoteSwiftPackageReference "apollo-ios" */;
			productName = Apollo;
		};
		B7FE86CA2E7295FB00C0652E /* List */ = {
			isa = XCSwiftPackageProductDependency;
			productName = List;
		};
/* End XCSwiftPackageProductDependency section */
	};
	rootObject = 812CDDEB2E72703E00B8A4AD /* Project object */;
}
